
Microsoft Visual Studio Solution File, Format Version 12.00
# Visual Studio Version 16
VisualStudioVersion = 16.0.29920.165
MinimumVisualStudioVersion = 10.0.40219.1
Project("{9A19103F-16F7-4668-BE54-9A1E7A4F7556}") = "AdventofCode-1", "AdventofCode-1\AdventofCode-1.csproj", "{6512F0C4-33F7-473D-BB4F-21A09389EE8A}"
EndProject
Project("{9A19103F-16F7-4668-BE54-9A1E7A4F7556}") = "AdventOfCode-2", "AdventOfCode-2\AdventOfCode-2.csproj", "{3130A79D-0BEB-4074-AB21-124B20CE6FD0}"
EndProject
Project("{9A19103F-16F7-4668-BE54-9A1E7A4F7556}") = "AdventOfCode-3", "AdventOfCode-3\AdventOfCode-3.csproj", "{F1A79900-0BDF-481C-AB81-492FB6C906AF}"
EndProject
Project("{9A19103F-16F7-4668-BE54-9A1E7A4F7556}") = "AdventOfCode-4", "AdventOfCode-4\AdventOfCode-4.csproj", "{6CD2990D-A65B-4A81-8CDD-3374C17A71D6}"
EndProject
Project("{9A19103F-16F7-4668-BE54-9A1E7A4F7556}") = "AdventOfCode-5", "AdventOfCode-5\AdventOfCode-5.csproj", "{ADE2F66D-EFC4-486F-B048-FE9D052915DA}"
EndProject
Project("{9A19103F-16F7-4668-BE54-9A1E7A4F7556}") = "AdventOfCode-6", "AdventOfCode-6\AdventOfCode-6.csproj", "{6CCEFA30-2B66-4755-BA25-2D8DFF95E0F5}"
EndProject
Project("{9A19103F-16F7-4668-BE54-9A1E7A4F7556}") = "AdventOfCode-7", "AdventOfCode-7\AdventOfCode-7.csproj", "{CA1E4C07-BBE8-4159-9A1B-3CD99F897E22}"
EndProject
Project("{9A19103F-16F7-4668-BE54-9A1E7A4F7556}") = "AdventOfCode-8", "AdventOfCode-8\AdventOfCode-8.csproj", "{633E84CD-42DE-4F99-8EC4-5BC42968867B}"
EndProject
Project("{9A19103F-16F7-4668-BE54-9A1E7A4F7556}") = "AdventOfCode-9", "AdventOfCode-9\AdventOfCode-9.csproj", "{6CC651A4-8CD4-4EBE-B262-69F69D9220FE}"
EndProject
Project("{9A19103F-16F7-4668-BE54-9A1E7A4F7556}") = "AdventOfCode-10", "AdventOfCode-10\AdventOfCode-10.csproj", "{179361FA-3424-4EF7-BD22-9F090AAAAC18}"
EndProject
Project("{9A19103F-16F7-4668-BE54-9A1E7A4F7556}") = "AdventOfCode-11", "AdventOfCode-11\AdventOfCode-11.csproj", "{EC59F236-5DCF-4145-B4B5-F116DC4923C7}"
EndProject
Project("{9A19103F-16F7-4668-BE54-9A1E7A4F7556}") = "AdventOfCode-12", "AdventOfCode-12\AdventOfCode-12.csproj", "{A4DE35F3-DB48-45D2-B802-A50618ED9644}"
EndProject
Project("{FAE04EC0-301F-11D3-BF4B-00C04F79EFBC}") = "AdventOfCode-13", "AdventOfCode-13\AdventOfCode-13.csproj", "{21AC4093-D5E6-4362-9D93-4045AC953FAB}"
EndProject
Global
	GlobalSection(SolutionConfigurationPlatforms) = preSolution
		Debug|Any CPU = Debug|Any CPU
		Release|Any CPU = Release|Any CPU
	EndGlobalSection
	GlobalSection(ProjectConfigurationPlatforms) = postSolution
		{6512F0C4-33F7-473D-BB4F-21A09389EE8A}.Debug|Any CPU.ActiveCfg = Debug|Any CPU
		{6512F0C4-33F7-473D-BB4F-21A09389EE8A}.Debug|Any CPU.Build.0 = Debug|Any CPU
		{6512F0C4-33F7-473D-BB4F-21A09389EE8A}.Release|Any CPU.ActiveCfg = Release|Any CPU
		{6512F0C4-33F7-473D-BB4F-21A09389EE8A}.Release|Any CPU.Build.0 = Release|Any CPU
		{3130A79D-0BEB-4074-AB21-124B20CE6FD0}.Debug|Any CPU.ActiveCfg = Debug|Any CPU
		{3130A79D-0BEB-4074-AB21-124B20CE6FD0}.Debug|Any CPU.Build.0 = Debug|Any CPU
		{3130A79D-0BEB-4074-AB21-124B20CE6FD0}.Release|Any CPU.ActiveCfg = Release|Any CPU
		{3130A79D-0BEB-4074-AB21-124B20CE6FD0}.Release|Any CPU.Build.0 = Release|Any CPU
		{F1A79900-0BDF-481C-AB81-492FB6C906AF}.Debug|Any CPU.ActiveCfg = Debug|Any CPU
		{F1A79900-0BDF-481C-AB81-492FB6C906AF}.Debug|Any CPU.Build.0 = Debug|Any CPU
		{F1A79900-0BDF-481C-AB81-492FB6C906AF}.Release|Any CPU.ActiveCfg = Release|Any CPU
		{F1A79900-0BDF-481C-AB81-492FB6C906AF}.Release|Any CPU.Build.0 = Release|Any CPU
		{6CD2990D-A65B-4A81-8CDD-3374C17A71D6}.Debug|Any CPU.ActiveCfg = Debug|Any CPU
		{6CD2990D-A65B-4A81-8CDD-3374C17A71D6}.Debug|Any CPU.Build.0 = Debug|Any CPU
		{6CD2990D-A65B-4A81-8CDD-3374C17A71D6}.Release|Any CPU.ActiveCfg = Release|Any CPU
		{6CD2990D-A65B-4A81-8CDD-3374C17A71D6}.Release|Any CPU.Build.0 = Release|Any CPU
		{ADE2F66D-EFC4-486F-B048-FE9D052915DA}.Debug|Any CPU.ActiveCfg = Debug|Any CPU
		{ADE2F66D-EFC4-486F-B048-FE9D052915DA}.Debug|Any CPU.Build.0 = Debug|Any CPU
		{ADE2F66D-EFC4-486F-B048-FE9D052915DA}.Release|Any CPU.ActiveCfg = Release|Any CPU
		{ADE2F66D-EFC4-486F-B048-FE9D052915DA}.Release|Any CPU.Build.0 = Release|Any CPU
		{6CCEFA30-2B66-4755-BA25-2D8DFF95E0F5}.Debug|Any CPU.ActiveCfg = Debug|Any CPU
		{6CCEFA30-2B66-4755-BA25-2D8DFF95E0F5}.Debug|Any CPU.Build.0 = Debug|Any CPU
		{6CCEFA30-2B66-4755-BA25-2D8DFF95E0F5}.Release|Any CPU.ActiveCfg = Release|Any CPU
		{6CCEFA30-2B66-4755-BA25-2D8DFF95E0F5}.Release|Any CPU.Build.0 = Release|Any CPU
		{CA1E4C07-BBE8-4159-9A1B-3CD99F897E22}.Debug|Any CPU.ActiveCfg = Debug|Any CPU
		{CA1E4C07-BBE8-4159-9A1B-3CD99F897E22}.Debug|Any CPU.Build.0 = Debug|Any CPU
		{CA1E4C07-BBE8-4159-9A1B-3CD99F897E22}.Release|Any CPU.ActiveCfg = Release|Any CPU
		{CA1E4C07-BBE8-4159-9A1B-3CD99F897E22}.Release|Any CPU.Build.0 = Release|Any CPU
		{633E84CD-42DE-4F99-8EC4-5BC42968867B}.Debug|Any CPU.ActiveCfg = Debug|Any CPU
		{633E84CD-42DE-4F99-8EC4-5BC42968867B}.Debug|Any CPU.Build.0 = Debug|Any CPU
		{633E84CD-42DE-4F99-8EC4-5BC42968867B}.Release|Any CPU.ActiveCfg = Release|Any CPU
		{633E84CD-42DE-4F99-8EC4-5BC42968867B}.Release|Any CPU.Build.0 = Release|Any CPU
		{6CC651A4-8CD4-4EBE-B262-69F69D9220FE}.Debug|Any CPU.ActiveCfg = Debug|Any CPU
		{6CC651A4-8CD4-4EBE-B262-69F69D9220FE}.Debug|Any CPU.Build.0 = Debug|Any CPU
		{6CC651A4-8CD4-4EBE-B262-69F69D9220FE}.Release|Any CPU.ActiveCfg = Release|Any CPU
		{6CC651A4-8CD4-4EBE-B262-69F69D9220FE}.Release|Any CPU.Build.0 = Release|Any CPU
		{179361FA-3424-4EF7-BD22-9F090AAAAC18}.Debug|Any CPU.ActiveCfg = Debug|Any CPU
		{179361FA-3424-4EF7-BD22-9F090AAAAC18}.Debug|Any CPU.Build.0 = Debug|Any CPU
		{179361FA-3424-4EF7-BD22-9F090AAAAC18}.Release|Any CPU.ActiveCfg = Release|Any CPU
		{179361FA-3424-4EF7-BD22-9F090AAAAC18}.Release|Any CPU.Build.0 = Release|Any CPU
		{EC59F236-5DCF-4145-B4B5-F116DC4923C7}.Debug|Any CPU.ActiveCfg = Debug|Any CPU
		{EC59F236-5DCF-4145-B4B5-F116DC4923C7}.Debug|Any CPU.Build.0 = Debug|Any CPU
		{EC59F236-5DCF-4145-B4B5-F116DC4923C7}.Release|Any CPU.ActiveCfg = Release|Any CPU
		{EC59F236-5DCF-4145-B4B5-F116DC4923C7}.Release|Any CPU.Build.0 = Release|Any CPU
		{A4DE35F3-DB48-45D2-B802-A50618ED9644}.Debug|Any CPU.ActiveCfg = Debug|Any CPU
		{A4DE35F3-DB48-45D2-B802-A50618ED9644}.Debug|Any CPU.Build.0 = Debug|Any CPU
		{A4DE35F3-DB48-45D2-B802-A50618ED9644}.Release|Any CPU.ActiveCfg = Release|Any CPU
		{A4DE35F3-DB48-45D2-B802-A50618ED9644}.Release|Any CPU.Build.0 = Release|Any CPU
		{21AC4093-D5E6-4362-9D93-4045AC953FAB}.Debug|Any CPU.ActiveCfg = Debug|Any CPU
		{21AC4093-D5E6-4362-9D93-4045AC953FAB}.Debug|Any CPU.Build.0 = Debug|Any CPU
		{21AC4093-D5E6-4362-9D93-4045AC953FAB}.Release|Any CPU.ActiveCfg = Release|Any CPU
		{21AC4093-D5E6-4362-9D93-4045AC953FAB}.Release|Any CPU.Build.0 = Release|Any CPU
	EndGlobalSection
	GlobalSection(SolutionProperties) = preSolution
		HideSolutionNode = FALSE
	EndGlobalSection
	GlobalSection(ExtensibilityGlobals) = postSolution
		SolutionGuid = {DE2FA805-AA42-475D-AE46-F9C1951A40AA}
	EndGlobalSection
EndGlobal
