
Microsoft Visual Studio Solution File, Format Version 12.00
# Visual Studio Version 16
VisualStudioVersion = 16.0.29920.165
MinimumVisualStudioVersion = 10.0.40219.1
Project("{FAE04EC0-301F-11D3-BF4B-00C04F79EFBC}") = "AdventofCode-1", "AdventofCode-1\AdventofCode-1.csproj", "{6512F0C4-33F7-473D-BB4F-21A09389EE8A}"
EndProject
Project("{FAE04EC0-301F-11D3-BF4B-00C04F79EFBC}") = "AdventOfCode-2", "AdventOfCode-2\AdventOfCode-2.csproj", "{3130A79D-0BEB-4074-AB21-124B20CE6FD0}"
EndProject
Global
	GlobalSection(SolutionConfigurationPlatforms) = preSolution
		Debug|Any CPU = Debug|Any CPU
		Release|Any CPU = Release|Any CPU
	EndGlobalSection
	GlobalSection(ProjectConfigurationPlatforms) = postSolution
		{6512F0C4-33F7-473D-BB4F-21A09389EE8A}.Debug|Any CPU.ActiveCfg = Debug|Any CPU
		{6512F0C4-33F7-473D-BB4F-21A09389EE8A}.Debug|Any CPU.Build.0 = Debug|Any CPU
		{6512F0C4-33F7-473D-BB4F-21A09389EE8A}.Release|Any CPU.ActiveCfg = Release|Any CPU
		{6512F0C4-33F7-473D-BB4F-21A09389EE8A}.Release|Any CPU.Build.0 = Release|Any CPU
		{3130A79D-0BEB-4074-AB21-124B20CE6FD0}.Debug|Any CPU.ActiveCfg = Debug|Any CPU
		{3130A79D-0BEB-4074-AB21-124B20CE6FD0}.Debug|Any CPU.Build.0 = Debug|Any CPU
		{3130A79D-0BEB-4074-AB21-124B20CE6FD0}.Release|Any CPU.ActiveCfg = Release|Any CPU
		{3130A79D-0BEB-4074-AB21-124B20CE6FD0}.Release|Any CPU.Build.0 = Release|Any CPU
	EndGlobalSection
	GlobalSection(SolutionProperties) = preSolution
		HideSolutionNode = FALSE
	EndGlobalSection
	GlobalSection(ExtensibilityGlobals) = postSolution
		SolutionGuid = {DE2FA805-AA42-475D-AE46-F9C1951A40AA}
	EndGlobalSection
EndGlobal
